
Microsoft Visual Studio Solution File, Format Version 12.00
# Visual Studio Version 17
VisualStudioVersion = 17.6.33829.357
MinimumVisualStudioVersion = 10.0.40219.1
Project("{9A19103F-16F7-4668-BE54-9A1E7A4F7556}") = "webapps", "webapps\webapps.csproj", "{DDEBF66D-791F-4B18-87BA-33112B9EC1E4}"
EndProject
Project("{FAE04EC0-301F-11D3-BF4B-00C04F79EFBC}") = "webtest", "webtest\webtest.csproj", "{6921AD9C-7102-465D-9161-7B2917BC4423}"
EndProject
Global
	GlobalSection(SolutionConfigurationPlatforms) = preSolution
		Debug|Any CPU = Debug|Any CPU
		Release|Any CPU = Release|Any CPU
	EndGlobalSection
	GlobalSection(ProjectConfigurationPlatforms) = postSolution
		{DDEBF66D-791F-4B18-87BA-33112B9EC1E4}.Debug|Any CPU.ActiveCfg = Debug|Any CPU
		{DDEBF66D-791F-4B18-87BA-33112B9EC1E4}.Debug|Any CPU.Build.0 = Debug|Any CPU
		{DDEBF66D-791F-4B18-87BA-33112B9EC1E4}.Release|Any CPU.ActiveCfg = Release|Any CPU
		{DDEBF66D-791F-4B18-87BA-33112B9EC1E4}.Release|Any CPU.Build.0 = Release|Any CPU
		{6921AD9C-7102-465D-9161-7B2917BC4423}.Debug|Any CPU.ActiveCfg = Debug|Any CPU
		{6921AD9C-7102-465D-9161-7B2917BC4423}.Debug|Any CPU.Build.0 = Debug|Any CPU
		{6921AD9C-7102-465D-9161-7B2917BC4423}.Release|Any CPU.ActiveCfg = Release|Any CPU
		{6921AD9C-7102-465D-9161-7B2917BC4423}.Release|Any CPU.Build.0 = Release|Any CPU
	EndGlobalSection
	GlobalSection(SolutionProperties) = preSolution
		HideSolutionNode = FALSE
	EndGlobalSection
	GlobalSection(ExtensibilityGlobals) = postSolution
		SolutionGuid = {C246C5F8-4FB2-41AC-9041-9795937C79D2}
	EndGlobalSection
EndGlobal
